<?xml version="1.0" encoding="UTF-8"?>
<CodeBlocks_project_file>
	<FileVersion major="1" minor="6"/>
	<Project>
		<Option title="robot_cleaner2"/>
		<Option makefile_is_custom="1"/>
		<Option compiler="gcc"/>
		<Option virtualFolders="CMake Files\;"/>
		<Build>
			<Target title="all">
				<Option working_dir="/home/lilinux/Documents/5TC/RobotCleaner2"/>
				<Option type="4"/>
				<MakeCommands>
					<Build command="/usr/bin/make -j4 -f &quot;/home/lilinux/Documents/5TC/RobotCleaner2/Makefile&quot;  VERBOSE=1 all"/>
					<CompileFile command="/usr/bin/make -j4 -f &quot;/home/lilinux/Documents/5TC/RobotCleaner2/Makefile&quot;  VERBOSE=1 &quot;$file&quot;"/>
					<Clean command="/usr/bin/make -j4 -f &quot;/home/lilinux/Documents/5TC/RobotCleaner2/Makefile&quot;  VERBOSE=1 clean"/>
					<DistClean command="/usr/bin/make -j4 -f &quot;/home/lilinux/Documents/5TC/RobotCleaner2/Makefile&quot;  VERBOSE=1 clean"/>
				</MakeCommands>
			</Target>
			<Target title="rebuild_cache">
				<Option working_dir="/home/lilinux/Documents/5TC/RobotCleaner2"/>
				<Option type="4"/>
				<MakeCommands>
					<Build command="/usr/bin/make -j4 -f &quot;/home/lilinux/Documents/5TC/RobotCleaner2/Makefile&quot;  VERBOSE=1 rebuild_cache"/>
					<CompileFile command="/usr/bin/make -j4 -f &quot;/home/lilinux/Documents/5TC/RobotCleaner2/Makefile&quot;  VERBOSE=1 &quot;$file&quot;"/>
					<Clean command="/usr/bin/make -j4 -f &quot;/home/lilinux/Documents/5TC/RobotCleaner2/Makefile&quot;  VERBOSE=1 clean"/>
					<DistClean command="/usr/bin/make -j4 -f &quot;/home/lilinux/Documents/5TC/RobotCleaner2/Makefile&quot;  VERBOSE=1 clean"/>
				</MakeCommands>
			</Target>
			<Target title="edit_cache">
				<Option working_dir="/home/lilinux/Documents/5TC/RobotCleaner2"/>
				<Option type="4"/>
				<MakeCommands>
					<Build command="/usr/bin/make -j4 -f &quot;/home/lilinux/Documents/5TC/RobotCleaner2/Makefile&quot;  VERBOSE=1 edit_cache"/>
					<CompileFile command="/usr/bin/make -j4 -f &quot;/home/lilinux/Documents/5TC/RobotCleaner2/Makefile&quot;  VERBOSE=1 &quot;$file&quot;"/>
					<Clean command="/usr/bin/make -j4 -f &quot;/home/lilinux/Documents/5TC/RobotCleaner2/Makefile&quot;  VERBOSE=1 clean"/>
					<DistClean command="/usr/bin/make -j4 -f &quot;/home/lilinux/Documents/5TC/RobotCleaner2/Makefile&quot;  VERBOSE=1 clean"/>
				</MakeCommands>
			</Target>
			<Target title="robot_cleaner2">
				<Option output="/home/lilinux/Documents/5TC/RobotCleaner2/robot_cleaner2" prefix_auto="0" extension_auto="0"/>
				<Option working_dir="/home/lilinux/Documents/5TC/RobotCleaner2"/>
				<Option object_output="./"/>
				<Option type="1"/>
				<Option compiler="gcc"/>
				<Compiler>
					<Add directory="/usr/include/python2.7"/>
					<Add directory="/usr/include/c++/5"/>
					<Add directory="/usr/include/x86_64-linux-gnu/c++/5"/>
					<Add directory="/usr/include/c++/5/backward"/>
					<Add directory="/usr/lib/gcc/x86_64-linux-gnu/5/include"/>
					<Add directory="/usr/local/include"/>
					<Add directory="/usr/lib/gcc/x86_64-linux-gnu/5/include-fixed"/>
					<Add directory="/usr/include/x86_64-linux-gnu"/>
					<Add directory="/usr/include"/>
				</Compiler>
				<MakeCommands>
					<Build command="/usr/bin/make -j4 -f &quot;/home/lilinux/Documents/5TC/RobotCleaner2/Makefile&quot;  VERBOSE=1 robot_cleaner2"/>
					<CompileFile command="/usr/bin/make -j4 -f &quot;/home/lilinux/Documents/5TC/RobotCleaner2/Makefile&quot;  VERBOSE=1 &quot;$file&quot;"/>
					<Clean command="/usr/bin/make -j4 -f &quot;/home/lilinux/Documents/5TC/RobotCleaner2/Makefile&quot;  VERBOSE=1 clean"/>
					<DistClean command="/usr/bin/make -j4 -f &quot;/home/lilinux/Documents/5TC/RobotCleaner2/Makefile&quot;  VERBOSE=1 clean"/>
				</MakeCommands>
			</Target>
			<Target title="robot_cleaner2/fast">
				<Option output="/home/lilinux/Documents/5TC/RobotCleaner2/robot_cleaner2" prefix_auto="0" extension_auto="0"/>
				<Option working_dir="/home/lilinux/Documents/5TC/RobotCleaner2"/>
				<Option object_output="./"/>
				<Option type="1"/>
				<Option compiler="gcc"/>
				<Compiler>
					<Add directory="/usr/include/python2.7"/>
					<Add directory="/usr/include/c++/5"/>
					<Add directory="/usr/include/x86_64-linux-gnu/c++/5"/>
					<Add directory="/usr/include/c++/5/backward"/>
					<Add directory="/usr/lib/gcc/x86_64-linux-gnu/5/include"/>
					<Add directory="/usr/local/include"/>
					<Add directory="/usr/lib/gcc/x86_64-linux-gnu/5/include-fixed"/>
					<Add directory="/usr/include/x86_64-linux-gnu"/>
					<Add directory="/usr/include"/>
				</Compiler>
				<MakeCommands>
					<Build command="/usr/bin/make -j4 -f &quot;/home/lilinux/Documents/5TC/RobotCleaner2/Makefile&quot;  VERBOSE=1 robot_cleaner2/fast"/>
					<CompileFile command="/usr/bin/make -j4 -f &quot;/home/lilinux/Documents/5TC/RobotCleaner2/Makefile&quot;  VERBOSE=1 &quot;$file&quot;"/>
					<Clean command="/usr/bin/make -j4 -f &quot;/home/lilinux/Documents/5TC/RobotCleaner2/Makefile&quot;  VERBOSE=1 clean"/>
					<DistClean command="/usr/bin/make -j4 -f &quot;/home/lilinux/Documents/5TC/RobotCleaner2/Makefile&quot;  VERBOSE=1 clean"/>
				</MakeCommands>
			</Target>
		</Build>
		<Unit filename="/home/lilinux/Documents/5TC/RobotCleaner2/include/action.hpp">
			<Option target="robot_cleaner2"/>
		</Unit>
		<Unit filename="/home/lilinux/Documents/5TC/RobotCleaner2/include/dp.hpp">
			<Option target="robot_cleaner2"/>
		</Unit>
		<Unit filename="/home/lilinux/Documents/5TC/RobotCleaner2/include/montecarlo.hpp">
			<Option target="robot_cleaner2"/>
		</Unit>
		<Unit filename="/home/lilinux/Documents/5TC/RobotCleaner2/include/qlearning.hpp">
			<Option target="robot_cleaner2"/>
		</Unit>
		<Unit filename="/home/lilinux/Documents/5TC/RobotCleaner2/include/qlearningLinearApprox.hpp">
			<Option target="robot_cleaner2"/>
		</Unit>
		<Unit filename="/home/lilinux/Documents/5TC/RobotCleaner2/include/state.hpp">
			<Option target="robot_cleaner2"/>
		</Unit>
		<Unit filename="/home/lilinux/Documents/5TC/RobotCleaner2/include/types.hpp">
			<Option target="robot_cleaner2"/>
		</Unit>
		<Unit filename="/home/lilinux/Documents/5TC/RobotCleaner2/include/world.hpp">
			<Option target="robot_cleaner2"/>
		</Unit>
		<Unit filename="/home/lilinux/Documents/5TC/RobotCleaner2/src/action.cpp">
			<Option target="robot_cleaner2"/>
		</Unit>
		<Unit filename="/home/lilinux/Documents/5TC/RobotCleaner2/src/dp.cpp">
			<Option target="robot_cleaner2"/>
		</Unit>
		<Unit filename="/home/lilinux/Documents/5TC/RobotCleaner2/src/main.cpp">
			<Option target="robot_cleaner2"/>
		</Unit>
		<Unit filename="/home/lilinux/Documents/5TC/RobotCleaner2/src/montecarlo.cpp">
			<Option target="robot_cleaner2"/>
		</Unit>
		<Unit filename="/home/lilinux/Documents/5TC/RobotCleaner2/src/qlearning.cpp">
			<Option target="robot_cleaner2"/>
		</Unit>
		<Unit filename="/home/lilinux/Documents/5TC/RobotCleaner2/src/qlearningLinearApprox.cpp">
			<Option target="robot_cleaner2"/>
		</Unit>
		<Unit filename="/home/lilinux/Documents/5TC/RobotCleaner2/src/state.cpp">
			<Option target="robot_cleaner2"/>
		</Unit>
		<Unit filename="/home/lilinux/Documents/5TC/RobotCleaner2/src/world.cpp">
			<Option target="robot_cleaner2"/>
		</Unit>
		<Unit filename="/home/lilinux/Documents/5TC/RobotCleaner2/CMakeLists.txt">
			<Option virtualFolder="CMake Files\"/>
		</Unit>
	</Project>
</CodeBlocks_project_file>
